
Microsoft Visual Studio Solution File, Format Version 12.00
Project("{FAE04EC0-301F-11D3-BF4B-00C04F79EFBC}") = "SampleSchool", "SampleSchool\SampleSchool.csproj", "{EAAE3125-288E-4888-AA00-0474FB0AC572}"
EndProject
Global
	GlobalSection(SolutionConfigurationPlatforms) = preSolution
		Debug|Any CPU = Debug|Any CPU
		Release|Any CPU = Release|Any CPU
	EndGlobalSection
	GlobalSection(ProjectConfigurationPlatforms) = postSolution
		{EAAE3125-288E-4888-AA00-0474FB0AC572}.Debug|Any CPU.ActiveCfg = Debug|Any CPU
		{EAAE3125-288E-4888-AA00-0474FB0AC572}.Debug|Any CPU.Build.0 = Debug|Any CPU
		{EAAE3125-288E-4888-AA00-0474FB0AC572}.Release|Any CPU.ActiveCfg = Release|Any CPU
		{EAAE3125-288E-4888-AA00-0474FB0AC572}.Release|Any CPU.Build.0 = Release|Any CPU
	EndGlobalSection
EndGlobal
